// !$*UTF8*$!
{
	archiveVersion = 1;
	classes = {
	};
	objectVersion = 46;
	objects = {

/* Begin PBXBuildFile section */
		E471DDF01C57255800EF1D77 /* main.m in Sources */ = {isa = PBXBuildFile; fileRef = E471DDEF1C57255800EF1D77 /* main.m */; };
		E471DDF31C57255800EF1D77 /* AppDelegate.m in Sources */ = {isa = PBXBuildFile; fileRef = E471DDF21C57255800EF1D77 /* AppDelegate.m */; };
		E471DDF61C57255800EF1D77 /* ViewController.m in Sources */ = {isa = PBXBuildFile; fileRef = E471DDF51C57255800EF1D77 /* ViewController.m */; };
		E471DDF91C57255800EF1D77 /* Main.storyboard in Resources */ = {isa = PBXBuildFile; fileRef = E471DDF71C57255800EF1D77 /* Main.storyboard */; };
		E471DDFB1C57255800EF1D77 /* Assets.xcassets in Resources */ = {isa = PBXBuildFile; fileRef = E471DDFA1C57255800EF1D77 /* Assets.xcassets */; };
		E471DDFE1C57255800EF1D77 /* LaunchScreen.storyboard in Resources */ = {isa = PBXBuildFile; fileRef = E471DDFC1C57255800EF1D77 /* LaunchScreen.storyboard */; };
		E471DE091C57255800EF1D77 /* DropdownMenuTests.m in Sources */ = {isa = PBXBuildFile; fileRef = E471DE081C57255800EF1D77 /* DropdownMenuTests.m */; };
		E471DE141C57255800EF1D77 /* DropdownMenuUITests.m in Sources */ = {isa = PBXBuildFile; fileRef = E471DE131C57255800EF1D77 /* DropdownMenuUITests.m */; };
		E471DE271C57270400EF1D77 /* LMJDropdownMenu.m in Sources */ = {isa = PBXBuildFile; fileRef = E471DE261C57270400EF1D77 /* LMJDropdownMenu.m */; };
		E471DE291C57295F00EF1D77 /* dropdownMenu_cornerIcon.png in Resources */ = {isa = PBXBuildFile; fileRef = E471DE281C57295F00EF1D77 /* dropdownMenu_cornerIcon.png */; };
/* End PBXBuildFile section */

/* Begin PBXContainerItemProxy section */
		E471DE051C57255800EF1D77 /* PBXContainerItemProxy */ = {
			isa = PBXContainerItemProxy;
			containerPortal = E471DDE31C57255800EF1D77 /* Project object */;
			proxyType = 1;
			remoteGlobalIDString = E471DDEA1C57255800EF1D77;
			remoteInfo = DropdownMenu;
		};
		E471DE101C57255800EF1D77 /* PBXContainerItemProxy */ = {
			isa = PBXContainerItemProxy;
			containerPortal = E471DDE31C57255800EF1D77 /* Project object */;
			proxyType = 1;
			remoteGlobalIDString = E471DDEA1C57255800EF1D77;
			remoteInfo = DropdownMenu;
		};
/* End PBXContainerItemProxy section */

/* Begin PBXFileReference section */
		E471DDEB1C57255800EF1D77 /* DropdownMenu.app */ = {isa = PBXFileReference; explicitFileType = wrapper.application; includeInIndex = 0; path = DropdownMenu.app; sourceTree = BUILT_PRODUCTS_DIR; };
		E471DDEF1C57255800EF1D77 /* main.m */ = {isa = PBXFileReference; lastKnownFileType = sourcecode.c.objc; path = main.m; sourceTree = "<group>"; };
		E471DDF11C57255800EF1D77 /* AppDelegate.h */ = {isa = PBXFileReference; lastKnownFileType = sourcecode.c.h; path = AppDelegate.h; sourceTree = "<group>"; };
		E471DDF21C57255800EF1D77 /* AppDelegate.m */ = {isa = PBXFileReference; lastKnownFileType = sourcecode.c.objc; path = AppDelegate.m; sourceTree = "<group>"; };
		E471DDF41C57255800EF1D77 /* ViewController.h */ = {isa = PBXFileReference; lastKnownFileType = sourcecode.c.h; path = ViewController.h; sourceTree = "<group>"; };
		E471DDF51C57255800EF1D77 /* ViewController.m */ = {isa = PBXFileReference; lastKnownFileType = sourcecode.c.objc; path = ViewController.m; sourceTree = "<group>"; };
		E471DDF81C57255800EF1D77 /* Base */ = {isa = PBXFileReference; lastKnownFileType = file.storyboard; name = Base; path = Base.lproj/Main.storyboard; sourceTree = "<group>"; };
		E471DDFA1C57255800EF1D77 /* Assets.xcassets */ = {isa = PBXFileReference; lastKnownFileType = folder.assetcatalog; path = Assets.xcassets; sourceTree = "<group>"; };
		E471DDFD1C57255800EF1D77 /* Base */ = {isa = PBXFileReference; lastKnownFileType = file.storyboard; name = Base; path = Base.lproj/LaunchScreen.storyboard; sourceTree = "<group>"; };
		E471DDFF1C57255800EF1D77 /* Info.plist */ = {isa = PBXFileReference; lastKnownFileType = text.plist.xml; path = Info.plist; sourceTree = "<group>"; };
		E471DE041C57255800EF1D77 /* DropdownMenuTests.xctest */ = {isa = PBXFileReference; explicitFileType = wrapper.cfbundle; includeInIndex = 0; path = DropdownMenuTests.xctest; sourceTree = BUILT_PRODUCTS_DIR; };
		E471DE081C57255800EF1D77 /* DropdownMenuTests.m */ = {isa = PBXFileReference; lastKnownFileType = sourcecode.c.objc; path = DropdownMenuTests.m; sourceTree = "<group>"; };
		E471DE0A1C57255800EF1D77 /* Info.plist */ = {isa = PBXFileReference; lastKnownFileType = text.plist.xml; path = Info.plist; sourceTree = "<group>"; };
		E471DE0F1C57255800EF1D77 /* DropdownMenuUITests.xctest */ = {isa = PBXFileReference; explicitFileType = wrapper.cfbundle; includeInIndex = 0; path = DropdownMenuUITests.xctest; sourceTree = BUILT_PRODUCTS_DIR; };
		E471DE131C57255800EF1D77 /* DropdownMenuUITests.m */ = {isa = PBXFileReference; lastKnownFileType = sourcecode.c.objc; path = DropdownMenuUITests.m; sourceTree = "<group>"; };
		E471DE151C57255800EF1D77 /* Info.plist */ = {isa = PBXFileReference; lastKnownFileType = text.plist.xml; path = Info.plist; sourceTree = "<group>"; };
		E471DE251C57270400EF1D77 /* LMJDropdownMenu.h */ = {isa = PBXFileReference; fileEncoding = 4; lastKnownFileType = sourcecode.c.h; path = LMJDropdownMenu.h; sourceTree = "<group>"; };
		E471DE261C57270400EF1D77 /* LMJDropdownMenu.m */ = {isa = PBXFileReference; fileEncoding = 4; lastKnownFileType = sourcecode.c.objc; path = LMJDropdownMenu.m; sourceTree = "<group>"; };
		E471DE281C57295F00EF1D77 /* dropdownMenu_cornerIcon.png */ = {isa = PBXFileReference; lastKnownFileType = image.png; path = dropdownMenu_cornerIcon.png; sourceTree = "<group>"; };
/* End PBXFileReference section */

/* Begin PBXFrameworksBuildPhase section */
		E471DDE81C57255800EF1D77 /* Frameworks */ = {
			isa = PBXFrameworksBuildPhase;
			buildActionMask = 2147483647;
			files = (
			);
			runOnlyForDeploymentPostprocessing = 0;
		};
		E471DE011C57255800EF1D77 /* Frameworks */ = {
			isa = PBXFrameworksBuildPhase;
			buildActionMask = 2147483647;
			files = (
			);
			runOnlyForDeploymentPostprocessing = 0;
		};
		E471DE0C1C57255800EF1D77 /* Frameworks */ = {
			isa = PBXFrameworksBuildPhase;
			buildActionMask = 2147483647;
			files = (
			);
			runOnlyForDeploymentPostprocessing = 0;
		};
/* End PBXFrameworksBuildPhase section */

/* Begin PBXGroup section */
		E471DDE21C57255800EF1D77 = {
			isa = PBXGroup;
			children = (
				E471DE211C57260600EF1D77 /* LMJDropdownMenu */,
				E471DDED1C57255800EF1D77 /* DropdownMenu */,
				E471DE071C57255800EF1D77 /* DropdownMenuTests */,
				E471DE121C57255800EF1D77 /* DropdownMenuUITests */,
				E471DDEC1C57255800EF1D77 /* Products */,
			);
			sourceTree = "<group>";
		};
		E471DDEC1C57255800EF1D77 /* Products */ = {
			isa = PBXGroup;
			children = (
				E471DDEB1C57255800EF1D77 /* DropdownMenu.app */,
				E471DE041C57255800EF1D77 /* DropdownMenuTests.xctest */,
				E471DE0F1C57255800EF1D77 /* DropdownMenuUITests.xctest */,
			);
			name = Products;
			sourceTree = "<group>";
		};
		E471DDED1C57255800EF1D77 /* DropdownMenu */ = {
			isa = PBXGroup;
			children = (
				E471DDF11C57255800EF1D77 /* AppDelegate.h */,
				E471DDF21C57255800EF1D77 /* AppDelegate.m */,
				E471DDF41C57255800EF1D77 /* ViewController.h */,
				E471DDF51C57255800EF1D77 /* ViewController.m */,
				E471DDF71C57255800EF1D77 /* Main.storyboard */,
				E471DDFA1C57255800EF1D77 /* Assets.xcassets */,
				E471DDFC1C57255800EF1D77 /* LaunchScreen.storyboard */,
				E471DDFF1C57255800EF1D77 /* Info.plist */,
				E471DE281C57295F00EF1D77 /* dropdownMenu_cornerIcon.png */,
				E471DDEE1C57255800EF1D77 /* Supporting Files */,
			);
			path = DropdownMenu;
			sourceTree = "<group>";
		};
		E471DDEE1C57255800EF1D77 /* Supporting Files */ = {
			isa = PBXGroup;
			children = (
				E471DDEF1C57255800EF1D77 /* main.m */,
			);
			name = "Supporting Files";
			sourceTree = "<group>";
		};
		E471DE071C57255800EF1D77 /* DropdownMenuTests */ = {
			isa = PBXGroup;
			children = (
				E471DE081C57255800EF1D77 /* DropdownMenuTests.m */,
				E471DE0A1C57255800EF1D77 /* Info.plist */,
			);
			path = DropdownMenuTests;
			sourceTree = "<group>";
		};
		E471DE121C57255800EF1D77 /* DropdownMenuUITests */ = {
			isa = PBXGroup;
			children = (
				E471DE131C57255800EF1D77 /* DropdownMenuUITests.m */,
				E471DE151C57255800EF1D77 /* Info.plist */,
			);
			path = DropdownMenuUITests;
			sourceTree = "<group>";
		};
		E471DE211C57260600EF1D77 /* LMJDropdownMenu */ = {
			isa = PBXGroup;
			children = (
				E471DE251C57270400EF1D77 /* LMJDropdownMenu.h */,
				E471DE261C57270400EF1D77 /* LMJDropdownMenu.m */,
			);
			path = LMJDropdownMenu;
			sourceTree = "<group>";
		};
/* End PBXGroup section */

/* Begin PBXNativeTarget section */
		E471DDEA1C57255800EF1D77 /* DropdownMenu */ = {
			isa = PBXNativeTarget;
			buildConfigurationList = E471DE181C57255800EF1D77 /* Build configuration list for PBXNativeTarget "DropdownMenu" */;
			buildPhases = (
				E471DDE71C57255800EF1D77 /* Sources */,
				E471DDE81C57255800EF1D77 /* Frameworks */,
				E471DDE91C57255800EF1D77 /* Resources */,
			);
			buildRules = (
			);
			dependencies = (
			);
			name = DropdownMenu;
			productName = DropdownMenu;
			productReference = E471DDEB1C57255800EF1D77 /* DropdownMenu.app */;
			productType = "com.apple.product-type.application";
		};
		E471DE031C57255800EF1D77 /* DropdownMenuTests */ = {
			isa = PBXNativeTarget;
			buildConfigurationList = E471DE1B1C57255800EF1D77 /* Build configuration list for PBXNativeTarget "DropdownMenuTests" */;
			buildPhases = (
				E471DE001C57255800EF1D77 /* Sources */,
				E471DE011C57255800EF1D77 /* Frameworks */,
				E471DE021C57255800EF1D77 /* Resources */,
			);
			buildRules = (
			);
			dependencies = (
				E471DE061C57255800EF1D77 /* PBXTargetDependency */,
			);
			name = DropdownMenuTests;
			productName = DropdownMenuTests;
			productReference = E471DE041C57255800EF1D77 /* DropdownMenuTests.xctest */;
			productType = "com.apple.product-type.bundle.unit-test";
		};
		E471DE0E1C57255800EF1D77 /* DropdownMenuUITests */ = {
			isa = PBXNativeTarget;
			buildConfigurationList = E471DE1E1C57255800EF1D77 /* Build configuration list for PBXNativeTarget "DropdownMenuUITests" */;
			buildPhases = (
				E471DE0B1C57255800EF1D77 /* Sources */,
				E471DE0C1C57255800EF1D77 /* Frameworks */,
				E471DE0D1C57255800EF1D77 /* Resources */,
			);
			buildRules = (
			);
			dependencies = (
				E471DE111C57255800EF1D77 /* PBXTargetDependency */,
			);
			name = DropdownMenuUITests;
			productName = DropdownMenuUITests;
			productReference = E471DE0F1C57255800EF1D77 /* DropdownMenuUITests.xctest */;
			productType = "com.apple.product-type.bundle.ui-testing";
		};
/* End PBXNativeTarget section */

/* Begin PBXProject section */
		E471DDE31C57255800EF1D77 /* Project object */ = {
			isa = PBXProject;
			attributes = {
				LastUpgradeCheck = 0720;
				ORGANIZATIONNAME = "iOS开发者公会";
				TargetAttributes = {
					E471DDEA1C57255800EF1D77 = {
						CreatedOnToolsVersion = 7.2;
					};
					E471DE031C57255800EF1D77 = {
						CreatedOnToolsVersion = 7.2;
						TestTargetID = E471DDEA1C57255800EF1D77;
					};
					E471DE0E1C57255800EF1D77 = {
						CreatedOnToolsVersion = 7.2;
						TestTargetID = E471DDEA1C57255800EF1D77;
					};
				};
			};
			buildConfigurationList = E471DDE61C57255800EF1D77 /* Build configuration list for PBXProject "DropdownMenu" */;
			compatibilityVersion = "Xcode 3.2";
			developmentRegion = English;
			hasScannedForEncodings = 0;
			knownRegions = (
				en,
				Base,
			);
			mainGroup = E471DDE21C57255800EF1D77;
			productRefGroup = E471DDEC1C57255800EF1D77 /* Products */;
			projectDirPath = "";
			projectRoot = "";
			targets = (
				E471DDEA1C57255800EF1D77 /* DropdownMenu */,
				E471DE031C57255800EF1D77 /* DropdownMenuTests */,
				E471DE0E1C57255800EF1D77 /* DropdownMenuUITests */,
			);
		};
/* End PBXProject section */

/* Begin PBXResourcesBuildPhase section */
		E471DDE91C57255800EF1D77 /* Resources */ = {
			isa = PBXResourcesBuildPhase;
			buildActionMask = 2147483647;
			files = (
				E471DDFE1C57255800EF1D77 /* LaunchScreen.storyboard in Resources */,
				E471DDFB1C57255800EF1D77 /* Assets.xcassets in Resources */,
				E471DE291C57295F00EF1D77 /* dropdownMenu_cornerIcon.png in Resources */,
				E471DDF91C57255800EF1D77 /* Main.storyboard in Resources */,
			);
			runOnlyForDeploymentPostprocessing = 0;
		};
		E471DE021C57255800EF1D77 /* Resources */ = {
			isa = PBXResourcesBuildPhase;
			buildActionMask = 2147483647;
			files = (
			);
			runOnlyForDeploymentPostprocessing = 0;
		};
		E471DE0D1C57255800EF1D77 /* Resources */ = {
			isa = PBXResourcesBuildPhase;
			buildActionMask = 2147483647;
			files = (
			);
			runOnlyForDeploymentPostprocessing = 0;
		};
/* End PBXResourcesBuildPhase section */

/* Begin PBXSourcesBuildPhase section */
		E471DDE71C57255800EF1D77 /* Sources */ = {
			isa = PBXSourcesBuildPhase;
			buildActionMask = 2147483647;
			files = (
				E471DDF61C57255800EF1D77 /* ViewController.m in Sources */,
				E471DDF31C57255800EF1D77 /* AppDelegate.m in Sources */,
				E471DDF01C57255800EF1D77 /* main.m in Sources */,
				E471DE271C57270400EF1D77 /* LMJDropdownMenu.m in Sources */,
			);
			runOnlyForDeploymentPostprocessing = 0;
		};
		E471DE001C57255800EF1D77 /* Sources */ = {
			isa = PBXSourcesBuildPhase;
			buildActionMask = 2147483647;
			files = (
				E471DE091C57255800EF1D77 /* DropdownMenuTests.m in Sources */,
			);
			runOnlyForDeploymentPostprocessing = 0;
		};
		E471DE0B1C57255800EF1D77 /* Sources */ = {
			isa = PBXSourcesBuildPhase;
			buildActionMask = 2147483647;
			files = (
				E471DE141C57255800EF1D77 /* DropdownMenuUITests.m in Sources */,
			);
			runOnlyForDeploymentPostprocessing = 0;
		};
/* End PBXSourcesBuildPhase section */

/* Begin PBXTargetDependency section */
		E471DE061C57255800EF1D77 /* PBXTargetDependency */ = {
			isa = PBXTargetDependency;
			target = E471DDEA1C57255800EF1D77 /* DropdownMenu */;
			targetProxy = E471DE051C57255800EF1D77 /* PBXContainerItemProxy */;
		};
		E471DE111C57255800EF1D77 /* PBXTargetDependency */ = {
			isa = PBXTargetDependency;
			target = E471DDEA1C57255800EF1D77 /* DropdownMenu */;
			targetProxy = E471DE101C57255800EF1D77 /* PBXContainerItemProxy */;
		};
/* End PBXTargetDependency section */

/* Begin PBXVariantGroup section */
		E471DDF71C57255800EF1D77 /* Main.storyboard */ = {
			isa = PBXVariantGroup;
			children = (
				E471DDF81C57255800EF1D77 /* Base */,
			);
			name = Main.storyboard;
			sourceTree = "<group>";
		};
		E471DDFC1C57255800EF1D77 /* LaunchScreen.storyboard */ = {
			isa = PBXVariantGroup;
			children = (
				E471DDFD1C57255800EF1D77 /* Base */,
			);
			name = LaunchScreen.storyboard;
			sourceTree = "<group>";
		};
/* End PBXVariantGroup section */

/* Begin XCBuildConfiguration section */
		E471DE161C57255800EF1D77 /* Debug */ = {
			isa = XCBuildConfiguration;
			buildSettings = {
				ALWAYS_SEARCH_USER_PATHS = NO;
				CLANG_CXX_LANGUAGE_STANDARD = "gnu++0x";
				CLANG_CXX_LIBRARY = "libc++";
				CLANG_ENABLE_MODULES = YES;
				CLANG_ENABLE_OBJC_ARC = YES;
				CLANG_WARN_BOOL_CONVERSION = YES;
				CLANG_WARN_CONSTANT_CONVERSION = YES;
				CLANG_WARN_DIRECT_OBJC_ISA_USAGE = YES_ERROR;
				CLANG_WARN_EMPTY_BODY = YES;
				CLANG_WARN_ENUM_CONVERSION = YES;
				CLANG_WARN_INT_CONVERSION = YES;
				CLANG_WARN_OBJC_ROOT_CLASS = YES_ERROR;
				CLANG_WARN_UNREACHABLE_CODE = YES;
				CLANG_WARN__DUPLICATE_METHOD_MATCH = YES;
				"CODE_SIGN_IDENTITY[sdk=iphoneos*]" = "iPhone Developer";
				COPY_PHASE_STRIP = NO;
				DEBUG_INFORMATION_FORMAT = dwarf;
				ENABLE_STRICT_OBJC_MSGSEND = YES;
				ENABLE_TESTABILITY = YES;
				GCC_C_LANGUAGE_STANDARD = gnu99;
				GCC_DYNAMIC_NO_PIC = NO;
				GCC_NO_COMMON_BLOCKS = YES;
				GCC_OPTIMIZATION_LEVEL = 0;
				GCC_PREPROCESSOR_DEFINITIONS = (
					"DEBUG=1",
					"$(inherited)",
				);
				GCC_WARN_64_TO_32_BIT_CONVERSION = YES;
				GCC_WARN_ABOUT_RETURN_TYPE = YES_ERROR;
				GCC_WARN_UNDECLARED_SELECTOR = YES;
				GCC_WARN_UNINITIALIZED_AUTOS = YES_AGGRESSIVE;
				GCC_WARN_UNUSED_FUNCTION = YES;
				GCC_WARN_UNUSED_VARIABLE = YES;
				IPHONEOS_DEPLOYMENT_TARGET = 9.2;
				MTL_ENABLE_DEBUG_INFO = YES;
				ONLY_ACTIVE_ARCH = YES;
				SDKROOT = iphoneos;
				TARGETED_DEVICE_FAMILY = "1,2";
			};
			name = Debug;
		};
		E471DE171C57255800EF1D77 /* Release */ = {
			isa = XCBuildConfiguration;
			buildSettings = {
				ALWAYS_SEARCH_USER_PATHS = NO;
				CLANG_CXX_LANGUAGE_STANDARD = "gnu++0x";
				CLANG_CXX_LIBRARY = "libc++";
				CLANG_ENABLE_MODULES = YES;
				CLANG_ENABLE_OBJC_ARC = YES;
				CLANG_WARN_BOOL_CONVERSION = YES;
				CLANG_WARN_CONSTANT_CONVERSION = YES;
				CLANG_WARN_DIRECT_OBJC_ISA_USAGE = YES_ERROR;
				CLANG_WARN_EMPTY_BODY = YES;
				CLANG_WARN_ENUM_CONVERSION = YES;
				CLANG_WARN_INT_CONVERSION = YES;
				CLANG_WARN_OBJC_ROOT_CLASS = YES_ERROR;
				CLANG_WARN_UNREACHABLE_CODE = YES;
				CLANG_WARN__DUPLICATE_METHOD_MATCH = YES;
				"CODE_SIGN_IDENTITY[sdk=iphoneos*]" = "iPhone Developer";
				COPY_PHASE_STRIP = NO;
				DEBUG_INFORMATION_FORMAT = "dwarf-with-dsym";
				ENABLE_NS_ASSERTIONS = NO;
				ENABLE_STRICT_OBJC_MSGSEND = YES;
				GCC_C_LANGUAGE_STANDARD = gnu99;
				GCC_NO_COMMON_BLOCKS = YES;
				GCC_WARN_64_TO_32_BIT_CONVERSION = YES;
				GCC_WARN_ABOUT_RETURN_TYPE = YES_ERROR;
				GCC_WARN_UNDECLARED_SELECTOR = YES;
				GCC_WARN_UNINITIALIZED_AUTOS = YES_AGGRESSIVE;
				GCC_WARN_UNUSED_FUNCTION = YES;
				GCC_WARN_UNUSED_VARIABLE = YES;
				IPHONEOS_DEPLOYMENT_TARGET = 9.2;
				MTL_ENABLE_DEBUG_INFO = NO;
				SDKROOT = iphoneos;
				TARGETED_DEVICE_FAMILY = "1,2";
				VALIDATE_PRODUCT = YES;
			};
			name = Release;
		};
		E471DE191C57255800EF1D77 /* Debug */ = {
			isa = XCBuildConfiguration;
			buildSettings = {
				ASSETCATALOG_COMPILER_APPICON_NAME = AppIcon;
				INFOPLIST_FILE = DropdownMenu/Info.plist;
				LD_RUNPATH_SEARCH_PATHS = "$(inherited) @executable_path/Frameworks";
				PRODUCT_BUNDLE_IDENTIFIER = com.LMJ.DropdownMenu;
				PRODUCT_NAME = "$(TARGET_NAME)";
			};
			name = Debug;
		};
		E471DE1A1C57255800EF1D77 /* Release */ = {
			isa = XCBuildConfiguration;
			buildSettings = {
				ASSETCATALOG_COMPILER_APPICON_NAME = AppIcon;
				INFOPLIST_FILE = DropdownMenu/Info.plist;
				LD_RUNPATH_SEARCH_PATHS = "$(inherited) @executable_path/Frameworks";
				PRODUCT_BUNDLE_IDENTIFIER = com.LMJ.DropdownMenu;
				PRODUCT_NAME = "$(TARGET_NAME)";
			};
			name = Release;
		};
		E471DE1C1C57255800EF1D77 /* Debug */ = {
			isa = XCBuildConfiguration;
			buildSettings = {
				BUNDLE_LOADER = "$(TEST_HOST)";
				INFOPLIST_FILE = DropdownMenuTests/Info.plist;
				LD_RUNPATH_SEARCH_PATHS = "$(inherited) @executable_path/Frameworks @loader_path/Frameworks";
				PRODUCT_BUNDLE_IDENTIFIER = com.LMJ.DropdownMenuTests;
				PRODUCT_NAME = "$(TARGET_NAME)";
				TEST_HOST = "$(BUILT_PRODUCTS_DIR)/DropdownMenu.app/DropdownMenu";
			};
			name = Debug;
		};
		E471DE1D1C57255800EF1D77 /* Release */ = {
			isa = XCBuildConfiguration;
			buildSettings = {
				BUNDLE_LOADER = "$(TEST_HOST)";
				INFOPLIST_FILE = DropdownMenuTests/Info.plist;
				LD_RUNPATH_SEARCH_PATHS = "$(inherited) @executable_path/Frameworks @loader_path/Frameworks";
				PRODUCT_BUNDLE_IDENTIFIER = com.LMJ.DropdownMenuTests;
				PRODUCT_NAME = "$(TARGET_NAME)";
				TEST_HOST = "$(BUILT_PRODUCTS_DIR)/DropdownMenu.app/DropdownMenu";
			};
			name = Release;
		};
		E471DE1F1C57255800EF1D77 /* Debug */ = {
			isa = XCBuildConfiguration;
			buildSettings = {
				INFOPLIST_FILE = DropdownMenuUITests/Info.plist;
				LD_RUNPATH_SEARCH_PATHS = "$(inherited) @executable_path/Frameworks @loader_path/Frameworks";
				PRODUCT_BUNDLE_IDENTIFIER = com.LMJ.DropdownMenuUITests;
				PRODUCT_NAME = "$(TARGET_NAME)";
				TEST_TARGET_NAME = DropdownMenu;
				USES_XCTRUNNER = YES;
			};
			name = Debug;
		};
		E471DE201C57255800EF1D77 /* Release */ = {
			isa = XCBuildConfiguration;
			buildSettings = {
				INFOPLIST_FILE = DropdownMenuUITests/Info.plist;
				LD_RUNPATH_SEARCH_PATHS = "$(inherited) @executable_path/Frameworks @loader_path/Frameworks";
				PRODUCT_BUNDLE_IDENTIFIER = com.LMJ.DropdownMenuUITests;
				PRODUCT_NAME = "$(TARGET_NAME)";
				TEST_TARGET_NAME = DropdownMenu;
				USES_XCTRUNNER = YES;
			};
			name = Release;
		};
/* End XCBuildConfiguration section */

/* Begin XCConfigurationList section */
		E471DDE61C57255800EF1D77 /* Build configuration list for PBXProject "DropdownMenu" */ = {
			isa = XCConfigurationList;
			buildConfigurations = (
				E471DE161C57255800EF1D77 /* Debug */,
				E471DE171C57255800EF1D77 /* Release */,
			);
			defaultConfigurationIsVisible = 0;
			defaultConfigurationName = Release;
		};
		E471DE181C57255800EF1D77 /* Build configuration list for PBXNativeTarget "DropdownMenu" */ = {
			isa = XCConfigurationList;
			buildConfigurations = (
				E471DE191C57255800EF1D77 /* Debug */,
				E471DE1A1C57255800EF1D77 /* Release */,
			);
			defaultConfigurationIsVisible = 0;
			defaultConfigurationName = Release;
		};
		E471DE1B1C57255800EF1D77 /* Build configuration list for PBXNativeTarget "DropdownMenuTests" */ = {
			isa = XCConfigurationList;
			buildConfigurations = (
				E471DE1C1C57255800EF1D77 /* Debug */,
				E471DE1D1C57255800EF1D77 /* Release */,
			);
			defaultConfigurationIsVisible = 0;
			defaultConfigurationName = Release;
		};
		E471DE1E1C57255800EF1D77 /* Build configuration list for PBXNativeTarget "DropdownMenuUITests" */ = {
			isa = XCConfigurationList;
			buildConfigurations = (
				E471DE1F1C57255800EF1D77 /* Debug */,
				E471DE201C57255800EF1D77 /* Release */,
			);
			defaultConfigurationIsVisible = 0;
			defaultConfigurationName = Release;
		};
/* End XCConfigurationList section */
	};
	rootObject = E471DDE31C57255800EF1D77 /* Project object */;
}
